// !$*UTF8*$!
{
	archiveVersion = 1;
	classes = {
	};
	objectVersion = 51;
	objects = {

/* Begin PBXBuildFile section */
		43364AF325CF99D200D282C2 /* AppDelegate.swift in Sources */ = {isa = PBXBuildFile; fileRef = 43364AF225CF99D200D282C2 /* AppDelegate.swift */; };
		43364AF525CF99D200D282C2 /* SceneDelegate.swift in Sources */ = {isa = PBXBuildFile; fileRef = 43364AF425CF99D200D282C2 /* SceneDelegate.swift */; };
		43364AF725CF99D200D282C2 /* ViewController.swift in Sources */ = {isa = PBXBuildFile; fileRef = 43364AF625CF99D200D282C2 /* ViewController.swift */; };
		43364AFA25CF99D200D282C2 /* Main.storyboard in Resources */ = {isa = PBXBuildFile; fileRef = 43364AF825CF99D200D282C2 /* Main.storyboard */; };
		43364AFC25CF99D600D282C2 /* Assets.xcassets in Resources */ = {isa = PBXBuildFile; fileRef = 43364AFB25CF99D600D282C2 /* Assets.xcassets */; };
		43364AFF25CF99D600D282C2 /* LaunchScreen.storyboard in Resources */ = {isa = PBXBuildFile; fileRef = 43364AFD25CF99D600D282C2 /* LaunchScreen.storyboard */; };
		4338573125CF9FCC00EBFA31 /* LoginViewController.swift in Sources */ = {isa = PBXBuildFile; fileRef = 4338573025CF9FCC00EBFA31 /* LoginViewController.swift */; };
		43AB85A525D10B5E007A8D6B /* CheckViewController.swift in Sources */ = {isa = PBXBuildFile; fileRef = 43AB85A425D10B5E007A8D6B /* CheckViewController.swift */; };
		43AB85AC25D10E86007A8D6B /* AnswersModel.swift in Sources */ = {isa = PBXBuildFile; fileRef = 43AB85AB25D10E86007A8D6B /* AnswersModel.swift */; };
		43AB85B025D23414007A8D6B /* CommentViewController.swift in Sources */ = {isa = PBXBuildFile; fileRef = 43AB85AF25D23414007A8D6B /* CommentViewController.swift */; };
		43AB85B325D25504007A8D6B /* CommentModel.swift in Sources */ = {isa = PBXBuildFile; fileRef = 43AB85B225D25504007A8D6B /* CommentModel.swift */; };
		43CF51DC25D566C800CEEB3B /* CustomCell.swift in Sources */ = {isa = PBXBuildFile; fileRef = 43CF51DA25D566C800CEEB3B /* CustomCell.swift */; };
		43CF51DD25D566C800CEEB3B /* CustomCell.xib in Resources */ = {isa = PBXBuildFile; fileRef = 43CF51DB25D566C800CEEB3B /* CustomCell.xib */; };
		43F3200E25CFAF6D00AA1671 /* GoogleService-Info.plist in Resources */ = {isa = PBXBuildFile; fileRef = 43F3200D25CFAF6D00AA1671 /* GoogleService-Info.plist */; };
		C5E7D64C9B63EBBE13A5C060 /* Pods_Swift6FireStore1.framework in Frameworks */ = {isa = PBXBuildFile; fileRef = EE5A8DF91F22A5C174B4FD32 /* Pods_Swift6FireStore1.framework */; };
/* End PBXBuildFile section */

/* Begin PBXFileReference section */
		04BC74A3C4D1DE75CA016A92 /* Pods-Swift6FireStore1.debug.xcconfig */ = {isa = PBXFileReference; includeInIndex = 1; lastKnownFileType = text.xcconfig; name = "Pods-Swift6FireStore1.debug.xcconfig"; path = "Target Support Files/Pods-Swift6FireStore1/Pods-Swift6FireStore1.debug.xcconfig"; sourceTree = "<group>"; };
		43364AEF25CF99D200D282C2 /* Swift6FireStore1.app */ = {isa = PBXFileReference; explicitFileType = wrapper.application; includeInIndex = 0; path = Swift6FireStore1.app; sourceTree = BUILT_PRODUCTS_DIR; };
		43364AF225CF99D200D282C2 /* AppDelegate.swift */ = {isa = PBXFileReference; lastKnownFileType = sourcecode.swift; path = AppDelegate.swift; sourceTree = "<group>"; };
		43364AF425CF99D200D282C2 /* SceneDelegate.swift */ = {isa = PBXFileReference; lastKnownFileType = sourcecode.swift; path = SceneDelegate.swift; sourceTree = "<group>"; };
		43364AF625CF99D200D282C2 /* ViewController.swift */ = {isa = PBXFileReference; lastKnownFileType = sourcecode.swift; path = ViewController.swift; sourceTree = "<group>"; };
		43364AF925CF99D200D282C2 /* Base */ = {isa = PBXFileReference; lastKnownFileType = file.storyboard; name = Base; path = Base.lproj/Main.storyboard; sourceTree = "<group>"; };
		43364AFB25CF99D600D282C2 /* Assets.xcassets */ = {isa = PBXFileReference; lastKnownFileType = folder.assetcatalog; path = Assets.xcassets; sourceTree = "<group>"; };
		43364AFE25CF99D600D282C2 /* Base */ = {isa = PBXFileReference; lastKnownFileType = file.storyboard; name = Base; path = Base.lproj/LaunchScreen.storyboard; sourceTree = "<group>"; };
		43364B0025CF99D600D282C2 /* Info.plist */ = {isa = PBXFileReference; lastKnownFileType = text.plist.xml; path = Info.plist; sourceTree = "<group>"; };
		4338573025CF9FCC00EBFA31 /* LoginViewController.swift */ = {isa = PBXFileReference; lastKnownFileType = sourcecode.swift; path = LoginViewController.swift; sourceTree = "<group>"; };
		43AB85A425D10B5E007A8D6B /* CheckViewController.swift */ = {isa = PBXFileReference; lastKnownFileType = sourcecode.swift; path = CheckViewController.swift; sourceTree = "<group>"; };
		43AB85AB25D10E86007A8D6B /* AnswersModel.swift */ = {isa = PBXFileReference; lastKnownFileType = sourcecode.swift; path = AnswersModel.swift; sourceTree = "<group>"; };
		43AB85AF25D23414007A8D6B /* CommentViewController.swift */ = {isa = PBXFileReference; lastKnownFileType = sourcecode.swift; path = CommentViewController.swift; sourceTree = "<group>"; };
		43AB85B225D25504007A8D6B /* CommentModel.swift */ = {isa = PBXFileReference; lastKnownFileType = sourcecode.swift; path = CommentModel.swift; sourceTree = "<group>"; };
		43CF51DA25D566C800CEEB3B /* CustomCell.swift */ = {isa = PBXFileReference; lastKnownFileType = sourcecode.swift; path = CustomCell.swift; sourceTree = "<group>"; };
		43CF51DB25D566C800CEEB3B /* CustomCell.xib */ = {isa = PBXFileReference; lastKnownFileType = file.xib; path = CustomCell.xib; sourceTree = "<group>"; };
		43F3200D25CFAF6D00AA1671 /* GoogleService-Info.plist */ = {isa = PBXFileReference; fileEncoding = 4; lastKnownFileType = text.plist.xml; path = "GoogleService-Info.plist"; sourceTree = "<group>"; };
		7F18EDB807C38789EDF0A527 /* Pods-Swift6FireStore1.release.xcconfig */ = {isa = PBXFileReference; includeInIndex = 1; lastKnownFileType = text.xcconfig; name = "Pods-Swift6FireStore1.release.xcconfig"; path = "Target Support Files/Pods-Swift6FireStore1/Pods-Swift6FireStore1.release.xcconfig"; sourceTree = "<group>"; };
		EE5A8DF91F22A5C174B4FD32 /* Pods_Swift6FireStore1.framework */ = {isa = PBXFileReference; explicitFileType = wrapper.framework; includeInIndex = 0; path = Pods_Swift6FireStore1.framework; sourceTree = BUILT_PRODUCTS_DIR; };
/* End PBXFileReference section */

/* Begin PBXFrameworksBuildPhase section */
		43364AEC25CF99D200D282C2 /* Frameworks */ = {
			isa = PBXFrameworksBuildPhase;
			buildActionMask = 2147483647;
			files = (
				C5E7D64C9B63EBBE13A5C060 /* Pods_Swift6FireStore1.framework in Frameworks */,
			);
			runOnlyForDeploymentPostprocessing = 0;
		};
/* End PBXFrameworksBuildPhase section */

/* Begin PBXGroup section */
		43364AE625CF99D200D282C2 = {
			isa = PBXGroup;
			children = (
				43364AF125CF99D200D282C2 /* Swift6FireStore1 */,
				43364AF025CF99D200D282C2 /* Products */,
				93C76841BD29773D7240BC86 /* Pods */,
				E8E20F01FA9E8E6AB6DBF30B /* Frameworks */,
			);
			sourceTree = "<group>";
		};
		43364AF025CF99D200D282C2 /* Products */ = {
			isa = PBXGroup;
			children = (
				43364AEF25CF99D200D282C2 /* Swift6FireStore1.app */,
			);
			name = Products;
			sourceTree = "<group>";
		};
		43364AF125CF99D200D282C2 /* Swift6FireStore1 */ = {
			isa = PBXGroup;
			children = (
				43AB85AA25D10E6C007A8D6B /* Model */,
				43364AF225CF99D200D282C2 /* AppDelegate.swift */,
				43364AF425CF99D200D282C2 /* SceneDelegate.swift */,
				4338572E25CF9FAB00EBFA31 /* Controller */,
				43364AF825CF99D200D282C2 /* Main.storyboard */,
				43364AFB25CF99D600D282C2 /* Assets.xcassets */,
				43364AFD25CF99D600D282C2 /* LaunchScreen.storyboard */,
				43364B0025CF99D600D282C2 /* Info.plist */,
				43F3200D25CFAF6D00AA1671 /* GoogleService-Info.plist */,
				43CF51DA25D566C800CEEB3B /* CustomCell.swift */,
				43CF51DB25D566C800CEEB3B /* CustomCell.xib */,
			);
			path = Swift6FireStore1;
			sourceTree = "<group>";
		};
		4338572E25CF9FAB00EBFA31 /* Controller */ = {
			isa = PBXGroup;
			children = (
				43364AF625CF99D200D282C2 /* ViewController.swift */,
				4338573025CF9FCC00EBFA31 /* LoginViewController.swift */,
				43AB85A425D10B5E007A8D6B /* CheckViewController.swift */,
				43AB85AF25D23414007A8D6B /* CommentViewController.swift */,
			);
			path = Controller;
			sourceTree = "<group>";
		};
		43AB85AA25D10E6C007A8D6B /* Model */ = {
			isa = PBXGroup;
			children = (
				43AB85AB25D10E86007A8D6B /* AnswersModel.swift */,
				43AB85B225D25504007A8D6B /* CommentModel.swift */,
			);
			path = Model;
			sourceTree = "<group>";
		};
		93C76841BD29773D7240BC86 /* Pods */ = {
			isa = PBXGroup;
			children = (
				04BC74A3C4D1DE75CA016A92 /* Pods-Swift6FireStore1.debug.xcconfig */,
				7F18EDB807C38789EDF0A527 /* Pods-Swift6FireStore1.release.xcconfig */,
			);
			path = Pods;
			sourceTree = "<group>";
		};
		E8E20F01FA9E8E6AB6DBF30B /* Frameworks */ = {
			isa = PBXGroup;
			children = (
				EE5A8DF91F22A5C174B4FD32 /* Pods_Swift6FireStore1.framework */,
			);
			name = Frameworks;
			sourceTree = "<group>";
		};
/* End PBXGroup section */

/* Begin PBXNativeTarget section */
		43364AEE25CF99D200D282C2 /* Swift6FireStore1 */ = {
			isa = PBXNativeTarget;
			buildConfigurationList = 43364B0325CF99D600D282C2 /* Build configuration list for PBXNativeTarget "Swift6FireStore1" */;
			buildPhases = (
				54E4B635495DDCFFCF3315F7 /* [CP] Check Pods Manifest.lock */,
				43364AEB25CF99D200D282C2 /* Sources */,
				43364AEC25CF99D200D282C2 /* Frameworks */,
				43364AED25CF99D200D282C2 /* Resources */,
				3F413C23C3DD1DCA1BDF33BF /* [CP] Embed Pods Frameworks */,
			);
			buildRules = (
			);
			dependencies = (
			);
			name = Swift6FireStore1;
			productName = Swift6FireStore1;
			productReference = 43364AEF25CF99D200D282C2 /* Swift6FireStore1.app */;
			productType = "com.apple.product-type.application";
		};
/* End PBXNativeTarget section */

/* Begin PBXProject section */
		43364AE725CF99D200D282C2 /* Project object */ = {
			isa = PBXProject;
			attributes = {
				LastSwiftUpdateCheck = 1200;
				LastUpgradeCheck = 1200;
				TargetAttributes = {
					43364AEE25CF99D200D282C2 = {
						CreatedOnToolsVersion = 12.0;
					};
				};
			};
			buildConfigurationList = 43364AEA25CF99D200D282C2 /* Build configuration list for PBXProject "Swift6FireStore1" */;
			compatibilityVersion = "Xcode 9.3";
			developmentRegion = en;
			hasScannedForEncodings = 0;
			knownRegions = (
				en,
				Base,
			);
			mainGroup = 43364AE625CF99D200D282C2;
			productRefGroup = 43364AF025CF99D200D282C2 /* Products */;
			projectDirPath = "";
			projectRoot = "";
			targets = (
				43364AEE25CF99D200D282C2 /* Swift6FireStore1 */,
			);
		};
/* End PBXProject section */

/* Begin PBXResourcesBuildPhase section */
		43364AED25CF99D200D282C2 /* Resources */ = {
			isa = PBXResourcesBuildPhase;
			buildActionMask = 2147483647;
			files = (
				43CF51DD25D566C800CEEB3B /* CustomCell.xib in Resources */,
				43364AFF25CF99D600D282C2 /* LaunchScreen.storyboard in Resources */,
				43F3200E25CFAF6D00AA1671 /* GoogleService-Info.plist in Resources */,
				43364AFC25CF99D600D282C2 /* Assets.xcassets in Resources */,
				43364AFA25CF99D200D282C2 /* Main.storyboard in Resources */,
			);
			runOnlyForDeploymentPostprocessing = 0;
		};
/* End PBXResourcesBuildPhase section */

/* Begin PBXShellScriptBuildPhase section */
		3F413C23C3DD1DCA1BDF33BF /* [CP] Embed Pods Frameworks */ = {
			isa = PBXShellScriptBuildPhase;
			buildActionMask = 2147483647;
			files = (
			);
			inputFileListPaths = (
				"${PODS_ROOT}/Target Support Files/Pods-Swift6FireStore1/Pods-Swift6FireStore1-frameworks-${CONFIGURATION}-input-files.xcfilelist",
			);
			name = "[CP] Embed Pods Frameworks";
			outputFileListPaths = (
				"${PODS_ROOT}/Target Support Files/Pods-Swift6FireStore1/Pods-Swift6FireStore1-frameworks-${CONFIGURATION}-output-files.xcfilelist",
			);
			runOnlyForDeploymentPostprocessing = 0;
			shellPath = /bin/sh;
			shellScript = "\"${PODS_ROOT}/Target Support Files/Pods-Swift6FireStore1/Pods-Swift6FireStore1-frameworks.sh\"\n";
			showEnvVarsInLog = 0;
		};
		54E4B635495DDCFFCF3315F7 /* [CP] Check Pods Manifest.lock */ = {
			isa = PBXShellScriptBuildPhase;
			buildActionMask = 2147483647;
			files = (
			);
			inputFileListPaths = (
			);
			inputPaths = (
				"${PODS_PODFILE_DIR_PATH}/Podfile.lock",
				"${PODS_ROOT}/Manifest.lock",
			);
			name = "[CP] Check Pods Manifest.lock";
			outputFileListPaths = (
			);
			outputPaths = (
				"$(DERIVED_FILE_DIR)/Pods-Swift6FireStore1-checkManifestLockResult.txt",
			);
			runOnlyForDeploymentPostprocessing = 0;
			shellPath = /bin/sh;
			shellScript = "diff \"${PODS_PODFILE_DIR_PATH}/Podfile.lock\" \"${PODS_ROOT}/Manifest.lock\" > /dev/null\nif [ $? != 0 ] ; then\n    # print error to STDERR\n    echo \"error: The sandbox is not in sync with the Podfile.lock. Run 'pod install' or update your CocoaPods installation.\" >&2\n    exit 1\nfi\n# This output is used by Xcode 'outputs' to avoid re-running this script phase.\necho \"SUCCESS\" > \"${SCRIPT_OUTPUT_FILE_0}\"\n";
			showEnvVarsInLog = 0;
		};
/* End PBXShellScriptBuildPhase section */

/* Begin PBXSourcesBuildPhase section */
		43364AEB25CF99D200D282C2 /* Sources */ = {
			isa = PBXSourcesBuildPhase;
			buildActionMask = 2147483647;
			files = (
				43AB85B025D23414007A8D6B /* CommentViewController.swift in Sources */,
				43AB85B325D25504007A8D6B /* CommentModel.swift in Sources */,
				4338573125CF9FCC00EBFA31 /* LoginViewController.swift in Sources */,
				43AB85AC25D10E86007A8D6B /* AnswersModel.swift in Sources */,
				43CF51DC25D566C800CEEB3B /* CustomCell.swift in Sources */,
				43364AF725CF99D200D282C2 /* ViewController.swift in Sources */,
				43364AF325CF99D200D282C2 /* AppDelegate.swift in Sources */,
				43AB85A525D10B5E007A8D6B /* CheckViewController.swift in Sources */,
				43364AF525CF99D200D282C2 /* SceneDelegate.swift in Sources */,
			);
			runOnlyForDeploymentPostprocessing = 0;
		};
/* End PBXSourcesBuildPhase section */

/* Begin PBXVariantGroup section */
		43364AF825CF99D200D282C2 /* Main.storyboard */ = {
			isa = PBXVariantGroup;
			children = (
				43364AF925CF99D200D282C2 /* Base */,
			);
			name = Main.storyboard;
			sourceTree = "<group>";
		};
		43364AFD25CF99D600D282C2 /* LaunchScreen.storyboard */ = {
			isa = PBXVariantGroup;
			children = (
				43364AFE25CF99D600D282C2 /* Base */,
			);
			name = LaunchScreen.storyboard;
			sourceTree = "<group>";
		};
/* End PBXVariantGroup section */

/* Begin XCBuildConfiguration section */
		43364B0125CF99D600D282C2 /* Debug */ = {
			isa = XCBuildConfiguration;
			buildSettings = {
				ALWAYS_SEARCH_USER_PATHS = NO;
				CLANG_ANALYZER_NONNULL = YES;
				CLANG_ANALYZER_NUMBER_OBJECT_CONVERSION = YES_AGGRESSIVE;
				CLANG_CXX_LANGUAGE_STANDARD = "gnu++14";
				CLANG_CXX_LIBRARY = "libc++";
				CLANG_ENABLE_MODULES = YES;
				CLANG_ENABLE_OBJC_ARC = YES;
				CLANG_ENABLE_OBJC_WEAK = YES;
				CLANG_WARN_BLOCK_CAPTURE_AUTORELEASING = YES;
				CLANG_WARN_BOOL_CONVERSION = YES;
				CLANG_WARN_COMMA = YES;
				CLANG_WARN_CONSTANT_CONVERSION = YES;
				CLANG_WARN_DEPRECATED_OBJC_IMPLEMENTATIONS = YES;
				CLANG_WARN_DIRECT_OBJC_ISA_USAGE = YES_ERROR;
				CLANG_WARN_DOCUMENTATION_COMMENTS = YES;
				CLANG_WARN_EMPTY_BODY = YES;
				CLANG_WARN_ENUM_CONVERSION = YES;
				CLANG_WARN_INFINITE_RECURSION = YES;
				CLANG_WARN_INT_CONVERSION = YES;
				CLANG_WARN_NON_LITERAL_NULL_CONVERSION = YES;
				CLANG_WARN_OBJC_IMPLICIT_RETAIN_SELF = YES;
				CLANG_WARN_OBJC_LITERAL_CONVERSION = YES;
				CLANG_WARN_OBJC_ROOT_CLASS = YES_ERROR;
				CLANG_WARN_QUOTED_INCLUDE_IN_FRAMEWORK_HEADER = YES;
				CLANG_WARN_RANGE_LOOP_ANALYSIS = YES;
				CLANG_WARN_STRICT_PROTOTYPES = YES;
				CLANG_WARN_SUSPICIOUS_MOVE = YES;
				CLANG_WARN_UNGUARDED_AVAILABILITY = YES_AGGRESSIVE;
				CLANG_WARN_UNREACHABLE_CODE = YES;
				CLANG_WARN__DUPLICATE_METHOD_MATCH = YES;
				COPY_PHASE_STRIP = NO;
				DEBUG_INFORMATION_FORMAT = dwarf;
				ENABLE_STRICT_OBJC_MSGSEND = YES;
				ENABLE_TESTABILITY = YES;
				GCC_C_LANGUAGE_STANDARD = gnu11;
				GCC_DYNAMIC_NO_PIC = NO;
				GCC_NO_COMMON_BLOCKS = YES;
				GCC_OPTIMIZATION_LEVEL = 0;
				GCC_PREPROCESSOR_DEFINITIONS = (
					"DEBUG=1",
					"$(inherited)",
				);
				GCC_WARN_64_TO_32_BIT_CONVERSION = YES;
				GCC_WARN_ABOUT_RETURN_TYPE = YES_ERROR;
				GCC_WARN_UNDECLARED_SELECTOR = YES;
				GCC_WARN_UNINITIALIZED_AUTOS = YES_AGGRESSIVE;
				GCC_WARN_UNUSED_FUNCTION = YES;
				GCC_WARN_UNUSED_VARIABLE = YES;
				IPHONEOS_DEPLOYMENT_TARGET = 14.0;
				MTL_ENABLE_DEBUG_INFO = INCLUDE_SOURCE;
				MTL_FAST_MATH = YES;
				ONLY_ACTIVE_ARCH = YES;
				SDKROOT = iphoneos;
				SWIFT_ACTIVE_COMPILATION_CONDITIONS = DEBUG;
				SWIFT_OPTIMIZATION_LEVEL = "-Onone";
			};
			name = Debug;
		};
		43364B0225CF99D600D282C2 /* Release */ = {
			isa = XCBuildConfiguration;
			buildSettings = {
				ALWAYS_SEARCH_USER_PATHS = NO;
				CLANG_ANALYZER_NONNULL = YES;
				CLANG_ANALYZER_NUMBER_OBJECT_CONVERSION = YES_AGGRESSIVE;
				CLANG_CXX_LANGUAGE_STANDARD = "gnu++14";
				CLANG_CXX_LIBRARY = "libc++";
				CLANG_ENABLE_MODULES = YES;
				CLANG_ENABLE_OBJC_ARC = YES;
				CLANG_ENABLE_OBJC_WEAK = YES;
				CLANG_WARN_BLOCK_CAPTURE_AUTORELEASING = YES;
				CLANG_WARN_BOOL_CONVERSION = YES;
				CLANG_WARN_COMMA = YES;
				CLANG_WARN_CONSTANT_CONVERSION = YES;
				CLANG_WARN_DEPRECATED_OBJC_IMPLEMENTATIONS = YES;
				CLANG_WARN_DIRECT_OBJC_ISA_USAGE = YES_ERROR;
				CLANG_WARN_DOCUMENTATION_COMMENTS = YES;
				CLANG_WARN_EMPTY_BODY = YES;
				CLANG_WARN_ENUM_CONVERSION = YES;
				CLANG_WARN_INFINITE_RECURSION = YES;
				CLANG_WARN_INT_CONVERSION = YES;
				CLANG_WARN_NON_LITERAL_NULL_CONVERSION = YES;
				CLANG_WARN_OBJC_IMPLICIT_RETAIN_SELF = YES;
				CLANG_WARN_OBJC_LITERAL_CONVERSION = YES;
				CLANG_WARN_OBJC_ROOT_CLASS = YES_ERROR;
				CLANG_WARN_QUOTED_INCLUDE_IN_FRAMEWORK_HEADER = YES;
				CLANG_WARN_RANGE_LOOP_ANALYSIS = YES;
				CLANG_WARN_STRICT_PROTOTYPES = YES;
				CLANG_WARN_SUSPICIOUS_MOVE = YES;
				CLANG_WARN_UNGUARDED_AVAILABILITY = YES_AGGRESSIVE;
				CLANG_WARN_UNREACHABLE_CODE = YES;
				CLANG_WARN__DUPLICATE_METHOD_MATCH = YES;
				COPY_PHASE_STRIP = NO;
				DEBUG_INFORMATION_FORMAT = "dwarf-with-dsym";
				ENABLE_NS_ASSERTIONS = NO;
				ENABLE_STRICT_OBJC_MSGSEND = YES;
				GCC_C_LANGUAGE_STANDARD = gnu11;
				GCC_NO_COMMON_BLOCKS = YES;
				GCC_WARN_64_TO_32_BIT_CONVERSION = YES;
				GCC_WARN_ABOUT_RETURN_TYPE = YES_ERROR;
				GCC_WARN_UNDECLARED_SELECTOR = YES;
				GCC_WARN_UNINITIALIZED_AUTOS = YES_AGGRESSIVE;
				GCC_WARN_UNUSED_FUNCTION = YES;
				GCC_WARN_UNUSED_VARIABLE = YES;
				IPHONEOS_DEPLOYMENT_TARGET = 14.0;
				MTL_ENABLE_DEBUG_INFO = NO;
				MTL_FAST_MATH = YES;
				SDKROOT = iphoneos;
				SWIFT_COMPILATION_MODE = wholemodule;
				SWIFT_OPTIMIZATION_LEVEL = "-O";
				VALIDATE_PRODUCT = YES;
			};
			name = Release;
		};
		43364B0425CF99D600D282C2 /* Debug */ = {
			isa = XCBuildConfiguration;
			baseConfigurationReference = 04BC74A3C4D1DE75CA016A92 /* Pods-Swift6FireStore1.debug.xcconfig */;
			buildSettings = {
				ASSETCATALOG_COMPILER_APPICON_NAME = AppIcon;
				ASSETCATALOG_COMPILER_GLOBAL_ACCENT_COLOR_NAME = AccentColor;
				CODE_SIGN_STYLE = Automatic;
				DEVELOPMENT_TEAM = 78KUVKG9C4;
				INFOPLIST_FILE = Swift6FireStore1/Info.plist;
				LD_RUNPATH_SEARCH_PATHS = (
					"$(inherited)",
					"@executable_path/Frameworks",
				);
				PRODUCT_BUNDLE_IDENTIFIER = tatsushi.fukunaga.Swift6FireStore1;
				PRODUCT_NAME = "$(TARGET_NAME)";
				SWIFT_VERSION = 5.0;
				TARGETED_DEVICE_FAMILY = 1;
			};
			name = Debug;
		};
		43364B0525CF99D600D282C2 /* Release */ = {
			isa = XCBuildConfiguration;
			baseConfigurationReference = 7F18EDB807C38789EDF0A527 /* Pods-Swift6FireStore1.release.xcconfig */;
			buildSettings = {
				ASSETCATALOG_COMPILER_APPICON_NAME = AppIcon;
				ASSETCATALOG_COMPILER_GLOBAL_ACCENT_COLOR_NAME = AccentColor;
				CODE_SIGN_STYLE = Automatic;
				DEVELOPMENT_TEAM = 78KUVKG9C4;
				INFOPLIST_FILE = Swift6FireStore1/Info.plist;
				LD_RUNPATH_SEARCH_PATHS = (
					"$(inherited)",
					"@executable_path/Frameworks",
				);
				PRODUCT_BUNDLE_IDENTIFIER = tatsushi.fukunaga.Swift6FireStore1;
				PRODUCT_NAME = "$(TARGET_NAME)";
				SWIFT_VERSION = 5.0;
				TARGETED_DEVICE_FAMILY = 1;
			};
			name = Release;
		};
/* End XCBuildConfiguration section */

/* Begin XCConfigurationList section */
		43364AEA25CF99D200D282C2 /* Build configuration list for PBXProject "Swift6FireStore1" */ = {
			isa = XCConfigurationList;
			buildConfigurations = (
				43364B0125CF99D600D282C2 /* Debug */,
				43364B0225CF99D600D282C2 /* Release */,
			);
			defaultConfigurationIsVisible = 0;
			defaultConfigurationName = Release;
		};
		43364B0325CF99D600D282C2 /* Build configuration list for PBXNativeTarget "Swift6FireStore1" */ = {
			isa = XCConfigurationList;
			buildConfigurations = (
				43364B0425CF99D600D282C2 /* Debug */,
				43364B0525CF99D600D282C2 /* Release */,
			);
			defaultConfigurationIsVisible = 0;
			defaultConfigurationName = Release;
		};
/* End XCConfigurationList section */
	};
	rootObject = 43364AE725CF99D200D282C2 /* Project object */;
}
